
Microsoft Visual Studio Solution File, Format Version 12.00
Project("{FAE04EC0-301F-11D3-BF4B-00C04F79EFBC}") = "BlockWithSingleTransaction", "BlockWithSingleTransaction\BlockWithSingleTransaction.csproj", "{44B79500-C301-4F3E-9D5B-DB83553FC3F8}"
EndProject
Project("{FAE04EC0-301F-11D3-BF4B-00C04F79EFBC}") = "CryptoUtilities", "CryptoUtilities\CryptoUtilities.csproj", "{10312A98-9392-45A9-A074-DACCC5BE77C0}"
EndProject
Global
	GlobalSection(SolutionConfigurationPlatforms) = preSolution
		Debug|Any CPU = Debug|Any CPU
		Release|Any CPU = Release|Any CPU
	EndGlobalSection
	GlobalSection(ProjectConfigurationPlatforms) = postSolution
		{44B79500-C301-4F3E-9D5B-DB83553FC3F8}.Debug|Any CPU.ActiveCfg = Debug|Any CPU
		{44B79500-C301-4F3E-9D5B-DB83553FC3F8}.Debug|Any CPU.Build.0 = Debug|Any CPU
		{44B79500-C301-4F3E-9D5B-DB83553FC3F8}.Release|Any CPU.ActiveCfg = Release|Any CPU
		{44B79500-C301-4F3E-9D5B-DB83553FC3F8}.Release|Any CPU.Build.0 = Release|Any CPU
		{10312A98-9392-45A9-A074-DACCC5BE77C0}.Debug|Any CPU.ActiveCfg = Debug|Any CPU
		{10312A98-9392-45A9-A074-DACCC5BE77C0}.Debug|Any CPU.Build.0 = Debug|Any CPU
		{10312A98-9392-45A9-A074-DACCC5BE77C0}.Release|Any CPU.ActiveCfg = Release|Any CPU
		{10312A98-9392-45A9-A074-DACCC5BE77C0}.Release|Any CPU.Build.0 = Release|Any CPU
	EndGlobalSection
EndGlobal
